
Microsoft Visual Studio Solution File, Format Version 12.00
# Visual Studio Version 16
VisualStudioVersion = 16.0.30413.136
MinimumVisualStudioVersion = 10.0.40219.1
Project("{8BC9CEB8-8B4A-11D0-8D11-00A0C91BC942}") = "Program 24", "Program 24\Program 24.vcxproj", "{3343AE8A-A3B5-4272-A73C-F815A815C791}"
EndProject
Global
	GlobalSection(SolutionConfigurationPlatforms) = preSolution
		Debug|x64 = Debug|x64
		Debug|x86 = Debug|x86
		Release|x64 = Release|x64
		Release|x86 = Release|x86
	EndGlobalSection
	GlobalSection(ProjectConfigurationPlatforms) = postSolution
		{3343AE8A-A3B5-4272-A73C-F815A815C791}.Debug|x64.ActiveCfg = Debug|x64
		{3343AE8A-A3B5-4272-A73C-F815A815C791}.Debug|x64.Build.0 = Debug|x64
		{3343AE8A-A3B5-4272-A73C-F815A815C791}.Debug|x86.ActiveCfg = Debug|Win32
		{3343AE8A-A3B5-4272-A73C-F815A815C791}.Debug|x86.Build.0 = Debug|Win32
		{3343AE8A-A3B5-4272-A73C-F815A815C791}.Release|x64.ActiveCfg = Release|x64
		{3343AE8A-A3B5-4272-A73C-F815A815C791}.Release|x64.Build.0 = Release|x64
		{3343AE8A-A3B5-4272-A73C-F815A815C791}.Release|x86.ActiveCfg = Release|Win32
		{3343AE8A-A3B5-4272-A73C-F815A815C791}.Release|x86.Build.0 = Release|Win32
	EndGlobalSection
	GlobalSection(SolutionProperties) = preSolution
		HideSolutionNode = FALSE
	EndGlobalSection
	GlobalSection(ExtensibilityGlobals) = postSolution
		SolutionGuid = {70BEC3F2-8628-467E-B7C4-9B64105A6415}
	EndGlobalSection
EndGlobal
